
Microsoft Visual Studio Solution File, Format Version 12.00
# Visual Studio 2013
VisualStudioVersion = 12.0.21005.1
MinimumVisualStudioVersion = 10.0.40219.1
Project("{8BC9CEB8-8B4A-11D0-8D11-00A0C91BC942}") = "Ex1", "Ex1\Ex1.vcxproj", "{C6F9B529-51F7-4985-AA46-FADB89D1B8D4}"
EndProject
Project("{8BC9CEB8-8B4A-11D0-8D11-00A0C91BC942}") = "Ex2", "Ex2\Ex2.vcxproj", "{60808E2A-E8A4-442E-A396-F1958722D59A}"
EndProject
Project("{8BC9CEB8-8B4A-11D0-8D11-00A0C91BC942}") = "Ex3", "Ex3\Ex3.vcxproj", "{1FDACFE9-B099-40A7-BE14-50BE0FBE59B7}"
EndProject
Project("{8BC9CEB8-8B4A-11D0-8D11-00A0C91BC942}") = "Ex4", "Ex4\Ex4.vcxproj", "{49905489-207F-4B6C-97C9-BCC486AEED60}"
EndProject
Project("{8BC9CEB8-8B4A-11D0-8D11-00A0C91BC942}") = "Ex5", "Ex5\Ex5.vcxproj", "{0558DBED-437E-4DEE-B578-23E3F4B95408}"
EndProject
Global
	GlobalSection(SolutionConfigurationPlatforms) = preSolution
		Debug|Win32 = Debug|Win32
		Release|Win32 = Release|Win32
	EndGlobalSection
	GlobalSection(ProjectConfigurationPlatforms) = postSolution
		{C6F9B529-51F7-4985-AA46-FADB89D1B8D4}.Debug|Win32.ActiveCfg = Debug|Win32
		{C6F9B529-51F7-4985-AA46-FADB89D1B8D4}.Debug|Win32.Build.0 = Debug|Win32
		{C6F9B529-51F7-4985-AA46-FADB89D1B8D4}.Release|Win32.ActiveCfg = Release|Win32
		{C6F9B529-51F7-4985-AA46-FADB89D1B8D4}.Release|Win32.Build.0 = Release|Win32
		{60808E2A-E8A4-442E-A396-F1958722D59A}.Debug|Win32.ActiveCfg = Debug|Win32
		{60808E2A-E8A4-442E-A396-F1958722D59A}.Debug|Win32.Build.0 = Debug|Win32
		{60808E2A-E8A4-442E-A396-F1958722D59A}.Release|Win32.ActiveCfg = Release|Win32
		{60808E2A-E8A4-442E-A396-F1958722D59A}.Release|Win32.Build.0 = Release|Win32
		{1FDACFE9-B099-40A7-BE14-50BE0FBE59B7}.Debug|Win32.ActiveCfg = Debug|Win32
		{1FDACFE9-B099-40A7-BE14-50BE0FBE59B7}.Debug|Win32.Build.0 = Debug|Win32
		{1FDACFE9-B099-40A7-BE14-50BE0FBE59B7}.Release|Win32.ActiveCfg = Release|Win32
		{1FDACFE9-B099-40A7-BE14-50BE0FBE59B7}.Release|Win32.Build.0 = Release|Win32
		{49905489-207F-4B6C-97C9-BCC486AEED60}.Debug|Win32.ActiveCfg = Debug|Win32
		{49905489-207F-4B6C-97C9-BCC486AEED60}.Debug|Win32.Build.0 = Debug|Win32
		{49905489-207F-4B6C-97C9-BCC486AEED60}.Release|Win32.ActiveCfg = Release|Win32
		{49905489-207F-4B6C-97C9-BCC486AEED60}.Release|Win32.Build.0 = Release|Win32
		{0558DBED-437E-4DEE-B578-23E3F4B95408}.Debug|Win32.ActiveCfg = Debug|Win32
		{0558DBED-437E-4DEE-B578-23E3F4B95408}.Debug|Win32.Build.0 = Debug|Win32
		{0558DBED-437E-4DEE-B578-23E3F4B95408}.Release|Win32.ActiveCfg = Release|Win32
		{0558DBED-437E-4DEE-B578-23E3F4B95408}.Release|Win32.Build.0 = Release|Win32
	EndGlobalSection
	GlobalSection(SolutionProperties) = preSolution
		HideSolutionNode = FALSE
	EndGlobalSection
EndGlobal
