
Microsoft Visual Studio Solution File, Format Version 12.00
# Visual Studio 2013
VisualStudioVersion = 12.0.21005.1
MinimumVisualStudioVersion = 10.0.40219.1
Project("{8BC9CEB8-8B4A-11D0-8D11-00A0C91BC942}") = "Ex1", "Ex1\Ex1.vcxproj", "{12200A07-F8F6-427D-A312-4F2FDA6A16C6}"
EndProject
Project("{8BC9CEB8-8B4A-11D0-8D11-00A0C91BC942}") = "Ex2", "Ex2\Ex2.vcxproj", "{816DB5BB-CDB8-46C3-B089-757BB48369F3}"
EndProject
Project("{8BC9CEB8-8B4A-11D0-8D11-00A0C91BC942}") = "Ex4", "Ex4\Ex4.vcxproj", "{9543FF46-6368-4753-B96A-ED4DACE12BB4}"
EndProject
Project("{8BC9CEB8-8B4A-11D0-8D11-00A0C91BC942}") = "Ex5", "Ex5\Ex5.vcxproj", "{40A57FAF-E31A-4624-9014-EB31394FAD74}"
EndProject
Global
	GlobalSection(SolutionConfigurationPlatforms) = preSolution
		Debug|Win32 = Debug|Win32
		Release|Win32 = Release|Win32
	EndGlobalSection
	GlobalSection(ProjectConfigurationPlatforms) = postSolution
		{12200A07-F8F6-427D-A312-4F2FDA6A16C6}.Debug|Win32.ActiveCfg = Debug|Win32
		{12200A07-F8F6-427D-A312-4F2FDA6A16C6}.Debug|Win32.Build.0 = Debug|Win32
		{12200A07-F8F6-427D-A312-4F2FDA6A16C6}.Release|Win32.ActiveCfg = Release|Win32
		{12200A07-F8F6-427D-A312-4F2FDA6A16C6}.Release|Win32.Build.0 = Release|Win32
		{816DB5BB-CDB8-46C3-B089-757BB48369F3}.Debug|Win32.ActiveCfg = Debug|Win32
		{816DB5BB-CDB8-46C3-B089-757BB48369F3}.Debug|Win32.Build.0 = Debug|Win32
		{816DB5BB-CDB8-46C3-B089-757BB48369F3}.Release|Win32.ActiveCfg = Release|Win32
		{816DB5BB-CDB8-46C3-B089-757BB48369F3}.Release|Win32.Build.0 = Release|Win32
		{9543FF46-6368-4753-B96A-ED4DACE12BB4}.Debug|Win32.ActiveCfg = Debug|Win32
		{9543FF46-6368-4753-B96A-ED4DACE12BB4}.Debug|Win32.Build.0 = Debug|Win32
		{9543FF46-6368-4753-B96A-ED4DACE12BB4}.Release|Win32.ActiveCfg = Release|Win32
		{9543FF46-6368-4753-B96A-ED4DACE12BB4}.Release|Win32.Build.0 = Release|Win32
		{40A57FAF-E31A-4624-9014-EB31394FAD74}.Debug|Win32.ActiveCfg = Debug|Win32
		{40A57FAF-E31A-4624-9014-EB31394FAD74}.Debug|Win32.Build.0 = Debug|Win32
		{40A57FAF-E31A-4624-9014-EB31394FAD74}.Release|Win32.ActiveCfg = Release|Win32
		{40A57FAF-E31A-4624-9014-EB31394FAD74}.Release|Win32.Build.0 = Release|Win32
	EndGlobalSection
	GlobalSection(SolutionProperties) = preSolution
		HideSolutionNode = FALSE
	EndGlobalSection
EndGlobal
