
Microsoft Visual Studio Solution File, Format Version 12.00
# Visual Studio 2013
VisualStudioVersion = 12.0.21005.1
MinimumVisualStudioVersion = 10.0.40219.1
Project("{8BC9CEB8-8B4A-11D0-8D11-00A0C91BC942}") = "Ex1", "Ex1\Ex1.vcxproj", "{28D451B5-C416-40D3-BF50-51BC034F7858}"
EndProject
Project("{8BC9CEB8-8B4A-11D0-8D11-00A0C91BC942}") = "Ex2", "Ex2\Ex2.vcxproj", "{EA1C70C5-356D-4E81-95FE-41B3063816F8}"
EndProject
Project("{8BC9CEB8-8B4A-11D0-8D11-00A0C91BC942}") = "Ex3", "Ex3\Ex3.vcxproj", "{99CCCE0C-FB9C-4DAC-9C7D-3683E2E428D2}"
EndProject
Global
	GlobalSection(SolutionConfigurationPlatforms) = preSolution
		Debug|Win32 = Debug|Win32
		Release|Win32 = Release|Win32
	EndGlobalSection
	GlobalSection(ProjectConfigurationPlatforms) = postSolution
		{28D451B5-C416-40D3-BF50-51BC034F7858}.Debug|Win32.ActiveCfg = Debug|Win32
		{28D451B5-C416-40D3-BF50-51BC034F7858}.Debug|Win32.Build.0 = Debug|Win32
		{28D451B5-C416-40D3-BF50-51BC034F7858}.Release|Win32.ActiveCfg = Release|Win32
		{28D451B5-C416-40D3-BF50-51BC034F7858}.Release|Win32.Build.0 = Release|Win32
		{EA1C70C5-356D-4E81-95FE-41B3063816F8}.Debug|Win32.ActiveCfg = Debug|Win32
		{EA1C70C5-356D-4E81-95FE-41B3063816F8}.Debug|Win32.Build.0 = Debug|Win32
		{EA1C70C5-356D-4E81-95FE-41B3063816F8}.Release|Win32.ActiveCfg = Release|Win32
		{EA1C70C5-356D-4E81-95FE-41B3063816F8}.Release|Win32.Build.0 = Release|Win32
		{99CCCE0C-FB9C-4DAC-9C7D-3683E2E428D2}.Debug|Win32.ActiveCfg = Debug|Win32
		{99CCCE0C-FB9C-4DAC-9C7D-3683E2E428D2}.Debug|Win32.Build.0 = Debug|Win32
		{99CCCE0C-FB9C-4DAC-9C7D-3683E2E428D2}.Release|Win32.ActiveCfg = Release|Win32
		{99CCCE0C-FB9C-4DAC-9C7D-3683E2E428D2}.Release|Win32.Build.0 = Release|Win32
	EndGlobalSection
	GlobalSection(SolutionProperties) = preSolution
		HideSolutionNode = FALSE
	EndGlobalSection
EndGlobal
